
Microsoft Visual Studio Solution File, Format Version 12.00
# Visual Studio Version 17
VisualStudioVersion = 17.6.33829.357
MinimumVisualStudioVersion = 10.0.40219.1
Project("{FAE04EC0-301F-11D3-BF4B-00C04F79EFBC}") = "ASCII Adventure", "ASCII Adventure\ASCII Adventure.csproj", "{706847D7-A56F-4EE3-997D-F87BBB1535CA}"
EndProject
Global
	GlobalSection(SolutionConfigurationPlatforms) = preSolution
		Debug|Any CPU = Debug|Any CPU
		Release|Any CPU = Release|Any CPU
	EndGlobalSection
	GlobalSection(ProjectConfigurationPlatforms) = postSolution
		{706847D7-A56F-4EE3-997D-F87BBB1535CA}.Debug|Any CPU.ActiveCfg = Debug|Any CPU
		{706847D7-A56F-4EE3-997D-F87BBB1535CA}.Debug|Any CPU.Build.0 = Debug|Any CPU
		{706847D7-A56F-4EE3-997D-F87BBB1535CA}.Release|Any CPU.ActiveCfg = Release|Any CPU
		{706847D7-A56F-4EE3-997D-F87BBB1535CA}.Release|Any CPU.Build.0 = Release|Any CPU
	EndGlobalSection
	GlobalSection(SolutionProperties) = preSolution
		HideSolutionNode = FALSE
	EndGlobalSection
	GlobalSection(ExtensibilityGlobals) = postSolution
		SolutionGuid = {887BF3E6-A02D-4C5A-8DFB-D11D20284C48}
	EndGlobalSection
EndGlobal
